Microsoft Visual Studio Solution File, Format Version 11.00
# Visual C# Express 2010
Project("{FAE04EC0-301F-11D3-BF4B-00C04F79EFBC}") = "Wpf.TabControl", "TabControl\Wpf.TabControl.csproj", "{509D06BD-AEB6-4E92-8E5B-21188EBDBD9C}"
EndProject
Project("{FAE04EC0-301F-11D3-BF4B-00C04F79EFBC}") = "MixPanelViewer", "viewer\MixPanelViewer.csproj", "{89D1B7F1-5C14-4C23-B589-194DC7D212DB}"
EndProject
Global
	GlobalSection(SolutionConfigurationPlatforms) = preSolution
		Debug|Any CPU = Debug|Any CPU
		Debug|Mixed Platforms = Debug|Mixed Platforms
		Debug|x86 = Debug|x86
		Release|Any CPU = Release|Any CPU
		Release|Mixed Platforms = Release|Mixed Platforms
		Release|x86 = Release|x86
	EndGlobalSection
	GlobalSection(ProjectConfigurationPlatforms) = postSolution
		{509D06BD-AEB6-4E92-8E5B-21188EBDBD9C}.Debug|Any CPU.ActiveCfg = Debug|Any CPU
		{509D06BD-AEB6-4E92-8E5B-21188EBDBD9C}.Debug|Any CPU.Build.0 = Debug|Any CPU
		{509D06BD-AEB6-4E92-8E5B-21188EBDBD9C}.Debug|Mixed Platforms.ActiveCfg = Debug|Any CPU
		{509D06BD-AEB6-4E92-8E5B-21188EBDBD9C}.Debug|Mixed Platforms.Build.0 = Debug|Any CPU
		{509D06BD-AEB6-4E92-8E5B-21188EBDBD9C}.Debug|x86.ActiveCfg = Debug|Any CPU
		{509D06BD-AEB6-4E92-8E5B-21188EBDBD9C}.Release|Any CPU.ActiveCfg = Release|Any CPU
		{509D06BD-AEB6-4E92-8E5B-21188EBDBD9C}.Release|Any CPU.Build.0 = Release|Any CPU
		{509D06BD-AEB6-4E92-8E5B-21188EBDBD9C}.Release|Mixed Platforms.ActiveCfg = Release|Any CPU
		{509D06BD-AEB6-4E92-8E5B-21188EBDBD9C}.Release|Mixed Platforms.Build.0 = Release|Any CPU
		{509D06BD-AEB6-4E92-8E5B-21188EBDBD9C}.Release|x86.ActiveCfg = Release|Any CPU
		{89D1B7F1-5C14-4C23-B589-194DC7D212DB}.Debug|Any CPU.ActiveCfg = Debug|x86
		{89D1B7F1-5C14-4C23-B589-194DC7D212DB}.Debug|Mixed Platforms.ActiveCfg = Debug|x86
		{89D1B7F1-5C14-4C23-B589-194DC7D212DB}.Debug|Mixed Platforms.Build.0 = Debug|x86
		{89D1B7F1-5C14-4C23-B589-194DC7D212DB}.Debug|x86.ActiveCfg = Debug|x86
		{89D1B7F1-5C14-4C23-B589-194DC7D212DB}.Debug|x86.Build.0 = Debug|x86
		{89D1B7F1-5C14-4C23-B589-194DC7D212DB}.Release|Any CPU.ActiveCfg = Release|x86
		{89D1B7F1-5C14-4C23-B589-194DC7D212DB}.Release|Mixed Platforms.ActiveCfg = Release|x86
		{89D1B7F1-5C14-4C23-B589-194DC7D212DB}.Release|Mixed Platforms.Build.0 = Release|x86
		{89D1B7F1-5C14-4C23-B589-194DC7D212DB}.Release|x86.ActiveCfg = Release|x86
		{89D1B7F1-5C14-4C23-B589-194DC7D212DB}.Release|x86.Build.0 = Release|x86
	EndGlobalSection
	GlobalSection(SolutionProperties) = preSolution
		HideSolutionNode = FALSE
	EndGlobalSection
EndGlobal
